
Microsoft Visual Studio Solution File, Format Version 12.00
Project("{2150E333-8FDC-42A3-9474-1A3956D46DE8}") = "2. Core", "2. Core", "{AD837112-88D8-4C94-9AA3-63C08729F544}"
EndProject
Project("{2150E333-8FDC-42A3-9474-1A3956D46DE8}") = "1. Infrastructure", "1. Infrastructure", "{0D44E338-F1EB-4AA3-9E91-189CC9457889}"
EndProject
Project("{FAE04EC0-301F-11D3-BF4B-00C04F79EFBC}") = "ThisShard.DataTransfer.Core", "ThisShard.DataTransfer.Core\ThisShard.DataTransfer.Core.csproj", "{64B744AA-66D8-4133-8ECD-339EA6981F65}"
EndProject
Project("{2150E333-8FDC-42A3-9474-1A3956D46DE8}") = "9. Tests", "9. Tests", "{B5BDBF30-0935-41EC-AC9D-60E0D5DE0F17}"
EndProject
Project("{FAE04EC0-301F-11D3-BF4B-00C04F79EFBC}") = "ThisShard.DataTransfer.Tests", "ThisShard.DataTransfer.Tests\ThisShard.DataTransfer.Tests.csproj", "{9759559B-7AA1-41DD-972B-0BF7ACF51D2A}"
EndProject
Project("{FAE04EC0-301F-11D3-BF4B-00C04F79EFBC}") = "ThisShard.DataTransfer.Csv", "ThisShard.DataTransfer.Csv\ThisShard.DataTransfer.Csv.csproj", "{7B5C9322-2102-4604-9BA1-7688D2768938}"
EndProject
Project("{FAE04EC0-301F-11D3-BF4B-00C04F79EFBC}") = "ThisShard.DataTransfer.Excel", "ThisShard.DataTransfer.Excel\ThisShard.DataTransfer.Excel.csproj", "{0188963B-AEC1-4FE9-BDA0-54C3FD6A7B5E}"
EndProject
Project("{FAE04EC0-301F-11D3-BF4B-00C04F79EFBC}") = "ThisShard.DataTransfer.Npgsql", "ThisShard.DataTransfer.Npgsql\ThisShard.DataTransfer.Npgsql.csproj", "{18D0FC03-3E00-4C74-9293-867BC742566E}"
EndProject
Project("{FAE04EC0-301F-11D3-BF4B-00C04F79EFBC}") = "ThisShard.DataTransfer.Sqlite", "ThisShard.DataTransfer.Sqlite\ThisShard.DataTransfer.Sqlite.csproj", "{5D82D043-96A4-495F-A21C-A3489E0D2039}"
EndProject
Project("{FAE04EC0-301F-11D3-BF4B-00C04F79EFBC}") = "ThisShard.DataTransfer.Json", "ThisShard.DataTransfer.Json\ThisShard.DataTransfer.Json.csproj", "{6786120F-B20F-4F7B-AD9C-6376B9D1DB3B}"
EndProject
Global
	GlobalSection(SolutionConfigurationPlatforms) = preSolution
		Debug|Any CPU = Debug|Any CPU
		Release|Any CPU = Release|Any CPU
	EndGlobalSection
	GlobalSection(NestedProjects) = preSolution
		{64B744AA-66D8-4133-8ECD-339EA6981F65} = {AD837112-88D8-4C94-9AA3-63C08729F544}
		{9759559B-7AA1-41DD-972B-0BF7ACF51D2A} = {B5BDBF30-0935-41EC-AC9D-60E0D5DE0F17}
		{7B5C9322-2102-4604-9BA1-7688D2768938} = {0D44E338-F1EB-4AA3-9E91-189CC9457889}
		{0188963B-AEC1-4FE9-BDA0-54C3FD6A7B5E} = {0D44E338-F1EB-4AA3-9E91-189CC9457889}
		{18D0FC03-3E00-4C74-9293-867BC742566E} = {0D44E338-F1EB-4AA3-9E91-189CC9457889}
		{5D82D043-96A4-495F-A21C-A3489E0D2039} = {0D44E338-F1EB-4AA3-9E91-189CC9457889}
		{6786120F-B20F-4F7B-AD9C-6376B9D1DB3B} = {0D44E338-F1EB-4AA3-9E91-189CC9457889}
	EndGlobalSection
	GlobalSection(ProjectConfigurationPlatforms) = postSolution
		{64B744AA-66D8-4133-8ECD-339EA6981F65}.Debug|Any CPU.ActiveCfg = Debug|Any CPU
		{64B744AA-66D8-4133-8ECD-339EA6981F65}.Debug|Any CPU.Build.0 = Debug|Any CPU
		{64B744AA-66D8-4133-8ECD-339EA6981F65}.Release|Any CPU.ActiveCfg = Release|Any CPU
		{64B744AA-66D8-4133-8ECD-339EA6981F65}.Release|Any CPU.Build.0 = Release|Any CPU
		{9759559B-7AA1-41DD-972B-0BF7ACF51D2A}.Debug|Any CPU.ActiveCfg = Debug|Any CPU
		{9759559B-7AA1-41DD-972B-0BF7ACF51D2A}.Debug|Any CPU.Build.0 = Debug|Any CPU
		{9759559B-7AA1-41DD-972B-0BF7ACF51D2A}.Release|Any CPU.ActiveCfg = Release|Any CPU
		{9759559B-7AA1-41DD-972B-0BF7ACF51D2A}.Release|Any CPU.Build.0 = Release|Any CPU
		{7B5C9322-2102-4604-9BA1-7688D2768938}.Debug|Any CPU.ActiveCfg = Debug|Any CPU
		{7B5C9322-2102-4604-9BA1-7688D2768938}.Debug|Any CPU.Build.0 = Debug|Any CPU
		{7B5C9322-2102-4604-9BA1-7688D2768938}.Release|Any CPU.ActiveCfg = Release|Any CPU
		{7B5C9322-2102-4604-9BA1-7688D2768938}.Release|Any CPU.Build.0 = Release|Any CPU
		{0188963B-AEC1-4FE9-BDA0-54C3FD6A7B5E}.Debug|Any CPU.ActiveCfg = Debug|Any CPU
		{0188963B-AEC1-4FE9-BDA0-54C3FD6A7B5E}.Debug|Any CPU.Build.0 = Debug|Any CPU
		{0188963B-AEC1-4FE9-BDA0-54C3FD6A7B5E}.Release|Any CPU.ActiveCfg = Release|Any CPU
		{0188963B-AEC1-4FE9-BDA0-54C3FD6A7B5E}.Release|Any CPU.Build.0 = Release|Any CPU
		{18D0FC03-3E00-4C74-9293-867BC742566E}.Debug|Any CPU.ActiveCfg = Debug|Any CPU
		{18D0FC03-3E00-4C74-9293-867BC742566E}.Debug|Any CPU.Build.0 = Debug|Any CPU
		{18D0FC03-3E00-4C74-9293-867BC742566E}.Release|Any CPU.ActiveCfg = Release|Any CPU
		{18D0FC03-3E00-4C74-9293-867BC742566E}.Release|Any CPU.Build.0 = Release|Any CPU
		{5D82D043-96A4-495F-A21C-A3489E0D2039}.Debug|Any CPU.ActiveCfg = Debug|Any CPU
		{5D82D043-96A4-495F-A21C-A3489E0D2039}.Debug|Any CPU.Build.0 = Debug|Any CPU
		{5D82D043-96A4-495F-A21C-A3489E0D2039}.Release|Any CPU.ActiveCfg = Release|Any CPU
		{5D82D043-96A4-495F-A21C-A3489E0D2039}.Release|Any CPU.Build.0 = Release|Any CPU
		{6786120F-B20F-4F7B-AD9C-6376B9D1DB3B}.Debug|Any CPU.ActiveCfg = Debug|Any CPU
		{6786120F-B20F-4F7B-AD9C-6376B9D1DB3B}.Debug|Any CPU.Build.0 = Debug|Any CPU
		{6786120F-B20F-4F7B-AD9C-6376B9D1DB3B}.Release|Any CPU.ActiveCfg = Release|Any CPU
		{6786120F-B20F-4F7B-AD9C-6376B9D1DB3B}.Release|Any CPU.Build.0 = Release|Any CPU
	EndGlobalSection
EndGlobal
